
Microsoft Visual Studio Solution File, Format Version 12.00
# Visual Studio 15
VisualStudioVersion = 15.0.28010.2041
MinimumVisualStudioVersion = 10.0.40219.1
Project("{9A19103F-16F7-4668-BE54-9A1E7A4F7556}") = "Sandbar", "Sandbar\Sandbar.csproj", "{C6A98B60-F6F2-43C3-AEB1-F96C1A0DE0C7}"
EndProject
Global
	GlobalSection(SolutionConfigurationPlatforms) = preSolution
		Debug|Any CPU = Debug|Any CPU
		Release|Any CPU = Release|Any CPU
	EndGlobalSection
	GlobalSection(ProjectConfigurationPlatforms) = postSolution
		{C6A98B60-F6F2-43C3-AEB1-F96C1A0DE0C7}.Debug|Any CPU.ActiveCfg = Debug|Any CPU
		{C6A98B60-F6F2-43C3-AEB1-F96C1A0DE0C7}.Debug|Any CPU.Build.0 = Debug|Any CPU
		{C6A98B60-F6F2-43C3-AEB1-F96C1A0DE0C7}.Release|Any CPU.ActiveCfg = Release|Any CPU
		{C6A98B60-F6F2-43C3-AEB1-F96C1A0DE0C7}.Release|Any CPU.Build.0 = Release|Any CPU
	EndGlobalSection
	GlobalSection(SolutionProperties) = preSolution
		HideSolutionNode = FALSE
	EndGlobalSection
	GlobalSection(ExtensibilityGlobals) = postSolution
		SolutionGuid = {D6F3D93C-B6DE-4A00-A26A-6179F797D35E}
	EndGlobalSection
EndGlobal
